
Microsoft Visual Studio Solution File, Format Version 12.00
# Visual Studio Version 17
VisualStudioVersion = 17.0.31903.59
MinimumVisualStudioVersion = 10.0.40219.1
Project("{FAE04EC0-301F-11D3-BF4B-00C04F79EFBC}") = "API", "API\API.csproj", "{BE290CF0-BB8C-48C5-B8B4-B3F5D2C13793}"
EndProject
Project("{FAE04EC0-301F-11D3-BF4B-00C04F79EFBC}") = "Core", "Core\Core.csproj", "{B5249988-9ADB-41FC-9489-1555104D5AD4}"
EndProject
Project("{FAE04EC0-301F-11D3-BF4B-00C04F79EFBC}") = "Infrastructure", "Infrastructure\Infrastructure.csproj", "{ACD2050D-CFD4-4EDD-AF44-9B9E12CCCBA1}"
EndProject
Global
	GlobalSection(SolutionConfigurationPlatforms) = preSolution
		Debug|Any CPU = Debug|Any CPU
		Debug|x64 = Debug|x64
		Debug|x86 = Debug|x86
		Release|Any CPU = Release|Any CPU
		Release|x64 = Release|x64
		Release|x86 = Release|x86
	EndGlobalSection
	GlobalSection(ProjectConfigurationPlatforms) = postSolution
		{BE290CF0-BB8C-48C5-B8B4-B3F5D2C13793}.Debug|Any CPU.ActiveCfg = Debug|Any CPU
		{BE290CF0-BB8C-48C5-B8B4-B3F5D2C13793}.Debug|Any CPU.Build.0 = Debug|Any CPU
		{BE290CF0-BB8C-48C5-B8B4-B3F5D2C13793}.Debug|x64.ActiveCfg = Debug|Any CPU
		{BE290CF0-BB8C-48C5-B8B4-B3F5D2C13793}.Debug|x64.Build.0 = Debug|Any CPU
		{BE290CF0-BB8C-48C5-B8B4-B3F5D2C13793}.Debug|x86.ActiveCfg = Debug|Any CPU
		{BE290CF0-BB8C-48C5-B8B4-B3F5D2C13793}.Debug|x86.Build.0 = Debug|Any CPU
		{BE290CF0-BB8C-48C5-B8B4-B3F5D2C13793}.Release|Any CPU.ActiveCfg = Release|Any CPU
		{BE290CF0-BB8C-48C5-B8B4-B3F5D2C13793}.Release|Any CPU.Build.0 = Release|Any CPU
		{BE290CF0-BB8C-48C5-B8B4-B3F5D2C13793}.Release|x64.ActiveCfg = Release|Any CPU
		{BE290CF0-BB8C-48C5-B8B4-B3F5D2C13793}.Release|x64.Build.0 = Release|Any CPU
		{BE290CF0-BB8C-48C5-B8B4-B3F5D2C13793}.Release|x86.ActiveCfg = Release|Any CPU
		{BE290CF0-BB8C-48C5-B8B4-B3F5D2C13793}.Release|x86.Build.0 = Release|Any CPU
		{B5249988-9ADB-41FC-9489-1555104D5AD4}.Debug|Any CPU.ActiveCfg = Debug|Any CPU
		{B5249988-9ADB-41FC-9489-1555104D5AD4}.Debug|Any CPU.Build.0 = Debug|Any CPU
		{B5249988-9ADB-41FC-9489-1555104D5AD4}.Debug|x64.ActiveCfg = Debug|Any CPU
		{B5249988-9ADB-41FC-9489-1555104D5AD4}.Debug|x64.Build.0 = Debug|Any CPU
		{B5249988-9ADB-41FC-9489-1555104D5AD4}.Debug|x86.ActiveCfg = Debug|Any CPU
		{B5249988-9ADB-41FC-9489-1555104D5AD4}.Debug|x86.Build.0 = Debug|Any CPU
		{B5249988-9ADB-41FC-9489-1555104D5AD4}.Release|Any CPU.ActiveCfg = Release|Any CPU
		{B5249988-9ADB-41FC-9489-1555104D5AD4}.Release|Any CPU.Build.0 = Release|Any CPU
		{B5249988-9ADB-41FC-9489-1555104D5AD4}.Release|x64.ActiveCfg = Release|Any CPU
		{B5249988-9ADB-41FC-9489-1555104D5AD4}.Release|x64.Build.0 = Release|Any CPU
		{B5249988-9ADB-41FC-9489-1555104D5AD4}.Release|x86.ActiveCfg = Release|Any CPU
		{B5249988-9ADB-41FC-9489-1555104D5AD4}.Release|x86.Build.0 = Release|Any CPU
		{ACD2050D-CFD4-4EDD-AF44-9B9E12CCCBA1}.Debug|Any CPU.ActiveCfg = Debug|Any CPU
		{ACD2050D-CFD4-4EDD-AF44-9B9E12CCCBA1}.Debug|Any CPU.Build.0 = Debug|Any CPU
		{ACD2050D-CFD4-4EDD-AF44-9B9E12CCCBA1}.Debug|x64.ActiveCfg = Debug|Any CPU
		{ACD2050D-CFD4-4EDD-AF44-9B9E12CCCBA1}.Debug|x64.Build.0 = Debug|Any CPU
		{ACD2050D-CFD4-4EDD-AF44-9B9E12CCCBA1}.Debug|x86.ActiveCfg = Debug|Any CPU
		{ACD2050D-CFD4-4EDD-AF44-9B9E12CCCBA1}.Debug|x86.Build.0 = Debug|Any CPU
		{ACD2050D-CFD4-4EDD-AF44-9B9E12CCCBA1}.Release|Any CPU.ActiveCfg = Release|Any CPU
		{ACD2050D-CFD4-4EDD-AF44-9B9E12CCCBA1}.Release|Any CPU.Build.0 = Release|Any CPU
		{ACD2050D-CFD4-4EDD-AF44-9B9E12CCCBA1}.Release|x64.ActiveCfg = Release|Any CPU
		{ACD2050D-CFD4-4EDD-AF44-9B9E12CCCBA1}.Release|x64.Build.0 = Release|Any CPU
		{ACD2050D-CFD4-4EDD-AF44-9B9E12CCCBA1}.Release|x86.ActiveCfg = Release|Any CPU
		{ACD2050D-CFD4-4EDD-AF44-9B9E12CCCBA1}.Release|x86.Build.0 = Release|Any CPU
	EndGlobalSection
	GlobalSection(SolutionProperties) = preSolution
		HideSolutionNode = FALSE
	EndGlobalSection
EndGlobal
